
Microsoft Visual Studio Solution File, Format Version 12.00
# Visual Studio Version 17
VisualStudioVersion = 17.12.35506.116
MinimumVisualStudioVersion = 10.0.40219.1
Project("{FAE04EC0-301F-11D3-BF4B-00C04F79EFBC}") = "MyTasks.Shared.Modelos", "MyTasks.Shared.Modelos\MyTasks.Shared.Modelos.csproj", "{C08A066A-87D8-441B-A80B-988B35B386FA}"
EndProject
Project("{FAE04EC0-301F-11D3-BF4B-00C04F79EFBC}") = "MyTasks.Shared.Dados", "MyTasks.Shared.Dados\MyTasks.Shared.Dados.csproj", "{6FB17CE0-2D44-49F0-83CB-0414338A9377}"
EndProject
Project("{FAE04EC0-301F-11D3-BF4B-00C04F79EFBC}") = "MyTasksAPI", "MyTasksAPI\MyTasksAPI.csproj", "{8A018371-3859-4FAF-91F7-BBC3F3185A87}"
EndProject
Global
	GlobalSection(SolutionConfigurationPlatforms) = preSolution
		Debug|Any CPU = Debug|Any CPU
		Release|Any CPU = Release|Any CPU
	EndGlobalSection
	GlobalSection(ProjectConfigurationPlatforms) = postSolution
		{C08A066A-87D8-441B-A80B-988B35B386FA}.Debug|Any CPU.ActiveCfg = Debug|Any CPU
		{C08A066A-87D8-441B-A80B-988B35B386FA}.Debug|Any CPU.Build.0 = Debug|Any CPU
		{C08A066A-87D8-441B-A80B-988B35B386FA}.Release|Any CPU.ActiveCfg = Release|Any CPU
		{C08A066A-87D8-441B-A80B-988B35B386FA}.Release|Any CPU.Build.0 = Release|Any CPU
		{6FB17CE0-2D44-49F0-83CB-0414338A9377}.Debug|Any CPU.ActiveCfg = Debug|Any CPU
		{6FB17CE0-2D44-49F0-83CB-0414338A9377}.Debug|Any CPU.Build.0 = Debug|Any CPU
		{6FB17CE0-2D44-49F0-83CB-0414338A9377}.Release|Any CPU.ActiveCfg = Release|Any CPU
		{6FB17CE0-2D44-49F0-83CB-0414338A9377}.Release|Any CPU.Build.0 = Release|Any CPU
		{8A018371-3859-4FAF-91F7-BBC3F3185A87}.Debug|Any CPU.ActiveCfg = Debug|Any CPU
		{8A018371-3859-4FAF-91F7-BBC3F3185A87}.Debug|Any CPU.Build.0 = Debug|Any CPU
		{8A018371-3859-4FAF-91F7-BBC3F3185A87}.Release|Any CPU.ActiveCfg = Release|Any CPU
		{8A018371-3859-4FAF-91F7-BBC3F3185A87}.Release|Any CPU.Build.0 = Release|Any CPU
	EndGlobalSection
	GlobalSection(SolutionProperties) = preSolution
		HideSolutionNode = FALSE
	EndGlobalSection
EndGlobal
